
Microsoft Visual Studio Solution File, Format Version 12.00
# Visual Studio Version 16
VisualStudioVersion = 16.0.32802.440
MinimumVisualStudioVersion = 10.0.40219.1
Project("{FAE04EC0-301F-11D3-BF4B-00C04F79EFBC}") = "SimpleAuthExample.Api", "SimpleAuthExample.Api\SimpleAuthExample.Api.csproj", "{3E8037FE-E6B1-4BA5-B124-0A4E2BD43022}"
EndProject
Project("{FAE04EC0-301F-11D3-BF4B-00C04F79EFBC}") = "SimpleAuthExample.Application", "SimpleAuthExample.Application\SimpleAuthExample.Application.csproj", "{B7DF8F27-CDBB-4BCC-B88F-F05B253EAFDF}"
EndProject
Project("{FAE04EC0-301F-11D3-BF4B-00C04F79EFBC}") = "SimpleAuthExample.Data", "SimpleAuthExample.Data\SimpleAuthExample.Data.csproj", "{4D8D53FA-1B82-48C8-A347-B791523A55AE}"
EndProject
Global
	GlobalSection(SolutionConfigurationPlatforms) = preSolution
		Debug|Any CPU = Debug|Any CPU
		Release|Any CPU = Release|Any CPU
	EndGlobalSection
	GlobalSection(ProjectConfigurationPlatforms) = postSolution
		{3E8037FE-E6B1-4BA5-B124-0A4E2BD43022}.Debug|Any CPU.ActiveCfg = Debug|Any CPU
		{3E8037FE-E6B1-4BA5-B124-0A4E2BD43022}.Debug|Any CPU.Build.0 = Debug|Any CPU
		{3E8037FE-E6B1-4BA5-B124-0A4E2BD43022}.Release|Any CPU.ActiveCfg = Release|Any CPU
		{3E8037FE-E6B1-4BA5-B124-0A4E2BD43022}.Release|Any CPU.Build.0 = Release|Any CPU
		{B7DF8F27-CDBB-4BCC-B88F-F05B253EAFDF}.Debug|Any CPU.ActiveCfg = Debug|Any CPU
		{B7DF8F27-CDBB-4BCC-B88F-F05B253EAFDF}.Debug|Any CPU.Build.0 = Debug|Any CPU
		{B7DF8F27-CDBB-4BCC-B88F-F05B253EAFDF}.Release|Any CPU.ActiveCfg = Release|Any CPU
		{B7DF8F27-CDBB-4BCC-B88F-F05B253EAFDF}.Release|Any CPU.Build.0 = Release|Any CPU
		{4D8D53FA-1B82-48C8-A347-B791523A55AE}.Debug|Any CPU.ActiveCfg = Debug|Any CPU
		{4D8D53FA-1B82-48C8-A347-B791523A55AE}.Debug|Any CPU.Build.0 = Debug|Any CPU
		{4D8D53FA-1B82-48C8-A347-B791523A55AE}.Release|Any CPU.ActiveCfg = Release|Any CPU
		{4D8D53FA-1B82-48C8-A347-B791523A55AE}.Release|Any CPU.Build.0 = Release|Any CPU
	EndGlobalSection
	GlobalSection(SolutionProperties) = preSolution
		HideSolutionNode = FALSE
	EndGlobalSection
	GlobalSection(ExtensibilityGlobals) = postSolution
		SolutionGuid = {8EA8EFB5-9C0E-4EE2-AFC8-97DACD9520F5}
	EndGlobalSection
EndGlobal
